
Microsoft Visual Studio Solution File, Format Version 12.00
# Visual Studio Version 17
VisualStudioVersion = 17.5.002.0
MinimumVisualStudioVersion = 10.0.40219.1
Project("{9A19103F-16F7-4668-BE54-9A1E7A4F7556}") = "WeightAnalyzer", "WeightAnalyzer.csproj", "{44C1A241-38E1-4614-9C12-963C06919FB0}"
EndProject
Global
	GlobalSection(SolutionConfigurationPlatforms) = preSolution
		Debug|Any CPU = Debug|Any CPU
		Release|Any CPU = Release|Any CPU
	EndGlobalSection
	GlobalSection(ProjectConfigurationPlatforms) = postSolution
		{44C1A241-38E1-4614-9C12-963C06919FB0}.Debug|Any CPU.ActiveCfg = Debug|Any CPU
		{44C1A241-38E1-4614-9C12-963C06919FB0}.Debug|Any CPU.Build.0 = Debug|Any CPU
		{44C1A241-38E1-4614-9C12-963C06919FB0}.Release|Any CPU.ActiveCfg = Release|Any CPU
		{44C1A241-38E1-4614-9C12-963C06919FB0}.Release|Any CPU.Build.0 = Release|Any CPU
	EndGlobalSection
	GlobalSection(SolutionProperties) = preSolution
		HideSolutionNode = FALSE
	EndGlobalSection
	GlobalSection(ExtensibilityGlobals) = postSolution
		SolutionGuid = {7B87D491-73FC-44C0-9D4B-4C569AF9FB1B}
	EndGlobalSection
EndGlobal
